
Microsoft Visual Studio Solution File, Format Version 12.00
# Visual Studio 15
VisualStudioVersion = 15.0.28307.329
MinimumVisualStudioVersion = 10.0.40219.1
Project("{9A19103F-16F7-4668-BE54-9A1E7A4F7556}") = "SignalRWebPack", "SignalRWebPack\SignalRWebPack.csproj", "{D43A70AF-2D1B-44E5-8363-DD3F796B2861}"
EndProject
Project("{9A19103F-16F7-4668-BE54-9A1E7A4F7556}") = "SignalRWebPack.Core", "SignalRWebPack.Core\SignalRWebPack.Core.csproj", "{89701C56-E056-49B3-B6B2-A25B415ADC34}"
EndProject
Project("{FAE04EC0-301F-11D3-BF4B-00C04F79EFBC}") = "SignalRWebPack.Test", "SignalRWebPack.Test\SignalRWebPack.Test.csproj", "{8CCBA714-EC38-4DC2-A26B-565622F34E3B}"
EndProject
Global
	GlobalSection(SolutionConfigurationPlatforms) = preSolution
		Debug|Any CPU = Debug|Any CPU
		Release|Any CPU = Release|Any CPU
	EndGlobalSection
	GlobalSection(ProjectConfigurationPlatforms) = postSolution
		{D43A70AF-2D1B-44E5-8363-DD3F796B2861}.Debug|Any CPU.ActiveCfg = Debug|Any CPU
		{D43A70AF-2D1B-44E5-8363-DD3F796B2861}.Debug|Any CPU.Build.0 = Debug|Any CPU
		{D43A70AF-2D1B-44E5-8363-DD3F796B2861}.Release|Any CPU.ActiveCfg = Release|Any CPU
		{D43A70AF-2D1B-44E5-8363-DD3F796B2861}.Release|Any CPU.Build.0 = Release|Any CPU
		{89701C56-E056-49B3-B6B2-A25B415ADC34}.Debug|Any CPU.ActiveCfg = Debug|Any CPU
		{89701C56-E056-49B3-B6B2-A25B415ADC34}.Debug|Any CPU.Build.0 = Debug|Any CPU
		{89701C56-E056-49B3-B6B2-A25B415ADC34}.Release|Any CPU.ActiveCfg = Release|Any CPU
		{89701C56-E056-49B3-B6B2-A25B415ADC34}.Release|Any CPU.Build.0 = Release|Any CPU
		{8CCBA714-EC38-4DC2-A26B-565622F34E3B}.Debug|Any CPU.ActiveCfg = Debug|Any CPU
		{8CCBA714-EC38-4DC2-A26B-565622F34E3B}.Debug|Any CPU.Build.0 = Debug|Any CPU
		{8CCBA714-EC38-4DC2-A26B-565622F34E3B}.Release|Any CPU.ActiveCfg = Release|Any CPU
		{8CCBA714-EC38-4DC2-A26B-565622F34E3B}.Release|Any CPU.Build.0 = Release|Any CPU
	EndGlobalSection
	GlobalSection(SolutionProperties) = preSolution
		HideSolutionNode = FALSE
	EndGlobalSection
	GlobalSection(ExtensibilityGlobals) = postSolution
		SolutionGuid = {9B16E429-C046-48E6-A7B6-1390625CED7C}
	EndGlobalSection
EndGlobal
